
Microsoft Visual Studio Solution File, Format Version 12.00
# Visual Studio Version 16
VisualStudioVersion = 16.0.29920.165
MinimumVisualStudioVersion = 10.0.40219.1
Project("{9A19103F-16F7-4668-BE54-9A1E7A4F7556}") = "Covid.Help.Service", "Covid.Help.Service\Covid.Help.Service.csproj", "{B9B3421F-01B7-4708-8A49-D565893E6391}"
EndProject
Global
	GlobalSection(SolutionConfigurationPlatforms) = preSolution
		Debug|Any CPU = Debug|Any CPU
		Release|Any CPU = Release|Any CPU
	EndGlobalSection
	GlobalSection(ProjectConfigurationPlatforms) = postSolution
		{B9B3421F-01B7-4708-8A49-D565893E6391}.Debug|Any CPU.ActiveCfg = Debug|Any CPU
		{B9B3421F-01B7-4708-8A49-D565893E6391}.Debug|Any CPU.Build.0 = Debug|Any CPU
		{B9B3421F-01B7-4708-8A49-D565893E6391}.Release|Any CPU.ActiveCfg = Release|Any CPU
		{B9B3421F-01B7-4708-8A49-D565893E6391}.Release|Any CPU.Build.0 = Release|Any CPU
	EndGlobalSection
	GlobalSection(SolutionProperties) = preSolution
		HideSolutionNode = FALSE
	EndGlobalSection
	GlobalSection(ExtensibilityGlobals) = postSolution
		SolutionGuid = {46D347CA-2FDB-46C8-857C-2FF87F499A91}
	EndGlobalSection
EndGlobal
