
Microsoft Visual Studio Solution File, Format Version 12.00
# Visual Studio Version 16
VisualStudioVersion = 16.0.29920.165
MinimumVisualStudioVersion = 10.0.40219.1
Project("{9A19103F-16F7-4668-BE54-9A1E7A4F7556}") = "Covid.Help.Service", "Covid.Help.Service\Covid.Help.Service.csproj", "{B9B3421F-01B7-4708-8A49-D565893E6391}"
EndProject
Project("{FAE04EC0-301F-11D3-BF4B-00C04F79EFBC}") = "Covid.Help.Models", "Covid.Help.Models\Covid.Help.Models.csproj", "{5F7FEF48-7CC0-473F-BF14-A84DC1869E6E}"
EndProject
Project("{FAE04EC0-301F-11D3-BF4B-00C04F79EFBC}") = "Covid.Help.Map", "Covid.Help.Map\Covid.Help.Map.csproj", "{8BC66DF5-A6EC-4AAE-8E90-B0F98F63EC71}"
EndProject
Global
	GlobalSection(SolutionConfigurationPlatforms) = preSolution
		Debug|Any CPU = Debug|Any CPU
		Release|Any CPU = Release|Any CPU
	EndGlobalSection
	GlobalSection(ProjectConfigurationPlatforms) = postSolution
		{B9B3421F-01B7-4708-8A49-D565893E6391}.Debug|Any CPU.ActiveCfg = Debug|Any CPU
		{B9B3421F-01B7-4708-8A49-D565893E6391}.Debug|Any CPU.Build.0 = Debug|Any CPU
		{B9B3421F-01B7-4708-8A49-D565893E6391}.Release|Any CPU.ActiveCfg = Release|Any CPU
		{B9B3421F-01B7-4708-8A49-D565893E6391}.Release|Any CPU.Build.0 = Release|Any CPU
		{5F7FEF48-7CC0-473F-BF14-A84DC1869E6E}.Debug|Any CPU.ActiveCfg = Debug|Any CPU
		{5F7FEF48-7CC0-473F-BF14-A84DC1869E6E}.Debug|Any CPU.Build.0 = Debug|Any CPU
		{5F7FEF48-7CC0-473F-BF14-A84DC1869E6E}.Release|Any CPU.ActiveCfg = Release|Any CPU
		{5F7FEF48-7CC0-473F-BF14-A84DC1869E6E}.Release|Any CPU.Build.0 = Release|Any CPU
		{8BC66DF5-A6EC-4AAE-8E90-B0F98F63EC71}.Debug|Any CPU.ActiveCfg = Debug|Any CPU
		{8BC66DF5-A6EC-4AAE-8E90-B0F98F63EC71}.Debug|Any CPU.Build.0 = Debug|Any CPU
		{8BC66DF5-A6EC-4AAE-8E90-B0F98F63EC71}.Release|Any CPU.ActiveCfg = Release|Any CPU
		{8BC66DF5-A6EC-4AAE-8E90-B0F98F63EC71}.Release|Any CPU.Build.0 = Release|Any CPU
	EndGlobalSection
	GlobalSection(SolutionProperties) = preSolution
		HideSolutionNode = FALSE
	EndGlobalSection
	GlobalSection(ExtensibilityGlobals) = postSolution
		SolutionGuid = {46D347CA-2FDB-46C8-857C-2FF87F499A91}
	EndGlobalSection
EndGlobal
